
Microsoft Visual Studio Solution File, Format Version 12.00
# Visual Studio Version 17
VisualStudioVersion = 17.4.33122.133
MinimumVisualStudioVersion = 10.0.40219.1
Project("{FAE04EC0-301F-11D3-BF4B-00C04F79EFBC}") = "Calculator", "Calculator\Calculator.csproj", "{160906A4-5D19-4BFA-82EA-663B15C77784}"
EndProject
Global
	GlobalSection(SolutionConfigurationPlatforms) = preSolution
		Debug|Any CPU = Debug|Any CPU
		Release|Any CPU = Release|Any CPU
	EndGlobalSection
	GlobalSection(ProjectConfigurationPlatforms) = postSolution
		{160906A4-5D19-4BFA-82EA-663B15C77784}.Debug|Any CPU.ActiveCfg = Debug|Any CPU
		{160906A4-5D19-4BFA-82EA-663B15C77784}.Debug|Any CPU.Build.0 = Debug|Any CPU
		{160906A4-5D19-4BFA-82EA-663B15C77784}.Release|Any CPU.ActiveCfg = Release|Any CPU
		{160906A4-5D19-4BFA-82EA-663B15C77784}.Release|Any CPU.Build.0 = Release|Any CPU
	EndGlobalSection
	GlobalSection(SolutionProperties) = preSolution
		HideSolutionNode = FALSE
	EndGlobalSection
	GlobalSection(ExtensibilityGlobals) = postSolution
		SolutionGuid = {2E08614F-4DFC-49D5-9902-47C0D37F1365}
	EndGlobalSection
EndGlobal
